
Microsoft Visual Studio Solution File, Format Version 12.00
# Visual Studio Version 16
VisualStudioVersion = 16.0.31105.61
MinimumVisualStudioVersion = 10.0.40219.1
Project("{FAE04EC0-301F-11D3-BF4B-00C04F79EFBC}") = "Constructors", "Constructors\Constructors.csproj", "{C8BB4DA8-45A0-4236-82EA-F5BC6CC71CEF}"
EndProject
Global
	GlobalSection(SolutionConfigurationPlatforms) = preSolution
		Debug|Any CPU = Debug|Any CPU
		Release|Any CPU = Release|Any CPU
	EndGlobalSection
	GlobalSection(ProjectConfigurationPlatforms) = postSolution
		{C8BB4DA8-45A0-4236-82EA-F5BC6CC71CEF}.Debug|Any CPU.ActiveCfg = Debug|Any CPU
		{C8BB4DA8-45A0-4236-82EA-F5BC6CC71CEF}.Debug|Any CPU.Build.0 = Debug|Any CPU
		{C8BB4DA8-45A0-4236-82EA-F5BC6CC71CEF}.Release|Any CPU.ActiveCfg = Release|Any CPU
		{C8BB4DA8-45A0-4236-82EA-F5BC6CC71CEF}.Release|Any CPU.Build.0 = Release|Any CPU
	EndGlobalSection
	GlobalSection(SolutionProperties) = preSolution
		HideSolutionNode = FALSE
	EndGlobalSection
	GlobalSection(ExtensibilityGlobals) = postSolution
		SolutionGuid = {004420E8-4396-43E7-A9D7-CC66152FAD81}
	EndGlobalSection
EndGlobal
